
Microsoft Visual Studio Solution File, Format Version 12.00
# Visual Studio Version 16
VisualStudioVersion = 16.0.31129.286
MinimumVisualStudioVersion = 10.0.40219.1
Project("{FAE04EC0-301F-11D3-BF4B-00C04F79EFBC}") = "SuperMarketManagementApplication", "SuperMarketManagementApplication.csproj", "{7FBD7F87-9B34-4D4A-BCC5-66E5BC2C8D16}"
EndProject
Global
	GlobalSection(SolutionConfigurationPlatforms) = preSolution
		Debug|Any CPU = Debug|Any CPU
		Release|Any CPU = Release|Any CPU
	EndGlobalSection
	GlobalSection(ProjectConfigurationPlatforms) = postSolution
		{7FBD7F87-9B34-4D4A-BCC5-66E5BC2C8D16}.Debug|Any CPU.ActiveCfg = Debug|Any CPU
		{7FBD7F87-9B34-4D4A-BCC5-66E5BC2C8D16}.Debug|Any CPU.Build.0 = Debug|Any CPU
		{7FBD7F87-9B34-4D4A-BCC5-66E5BC2C8D16}.Release|Any CPU.ActiveCfg = Release|Any CPU
		{7FBD7F87-9B34-4D4A-BCC5-66E5BC2C8D16}.Release|Any CPU.Build.0 = Release|Any CPU
	EndGlobalSection
	GlobalSection(SolutionProperties) = preSolution
		HideSolutionNode = FALSE
	EndGlobalSection
	GlobalSection(ExtensibilityGlobals) = postSolution
		SolutionGuid = {1EAB8B7C-3658-4842-A402-80B600973267}
	EndGlobalSection
EndGlobal
